
Microsoft Visual Studio Solution File, Format Version 12.00
# Visual Studio 15
VisualStudioVersion = 15.0.26430.15
MinimumVisualStudioVersion = 10.0.40219.1
Project("{FAE04EC0-301F-11D3-BF4B-00C04F79EFBC}") = "Practice2.Android", "Practice2\Practice2.Android\Practice2.Android.csproj", "{7E41A6DE-DDEE-49B4-83E3-83A1AF8E2EF3}"
EndProject
Project("{FAE04EC0-301F-11D3-BF4B-00C04F79EFBC}") = "Practice2", "Practice2\Practice2\Practice2.csproj", "{CC56E238-9B98-450D-BEF8-560F70C09798}"
EndProject
Project("{FAE04EC0-301F-11D3-BF4B-00C04F79EFBC}") = "Practice2.UWP", "Practice2\Practice2.UWP\Practice2.UWP.csproj", "{6576F89C-533F-48A9-81DE-2084B970FBCC}"
EndProject
Project("{FAE04EC0-301F-11D3-BF4B-00C04F79EFBC}") = "Practice2.iOS", "Practice2\Practice2.iOS\Practice2.iOS.csproj", "{1A389EC3-E062-46EB-9CDF-324C3BBE4415}"
EndProject
Global
	GlobalSection(SolutionConfigurationPlatforms) = preSolution
		Ad-Hoc|Any CPU = Ad-Hoc|Any CPU
		Ad-Hoc|ARM = Ad-Hoc|ARM
		Ad-Hoc|iPhone = Ad-Hoc|iPhone
		Ad-Hoc|iPhoneSimulator = Ad-Hoc|iPhoneSimulator
		Ad-Hoc|x64 = Ad-Hoc|x64
		Ad-Hoc|x86 = Ad-Hoc|x86
		AppStore|Any CPU = AppStore|Any CPU
		AppStore|ARM = AppStore|ARM
		AppStore|iPhone = AppStore|iPhone
		AppStore|iPhoneSimulator = AppStore|iPhoneSimulator
		AppStore|x64 = AppStore|x64
		AppStore|x86 = AppStore|x86
		Debug|Any CPU = Debug|Any CPU
		Debug|ARM = Debug|ARM
		Debug|iPhone = Debug|iPhone
		Debug|iPhoneSimulator = Debug|iPhoneSimulator
		Debug|x64 = Debug|x64
		Debug|x86 = Debug|x86
		Release|Any CPU = Release|Any CPU
		Release|ARM = Release|ARM
		Release|iPhone = Release|iPhone
		Release|iPhoneSimulator = Release|iPhoneSimulator
		Release|x64 = Release|x64
		Release|x86 = Release|x86
	EndGlobalSection
	GlobalSection(ProjectConfigurationPlatforms) = postSolution
		{7E41A6DE-DDEE-49B4-83E3-83A1AF8E2EF3}.Ad-Hoc|Any CPU.ActiveCfg = Release|Any CPU
		{7E41A6DE-DDEE-49B4-83E3-83A1AF8E2EF3}.Ad-Hoc|Any CPU.Build.0 = Release|Any CPU
		{7E41A6DE-DDEE-49B4-83E3-83A1AF8E2EF3}.Ad-Hoc|Any CPU.Deploy.0 = Release|Any CPU
		{7E41A6DE-DDEE-49B4-83E3-83A1AF8E2EF3}.Ad-Hoc|ARM.ActiveCfg = Release|Any CPU
		{7E41A6DE-DDEE-49B4-83E3-83A1AF8E2EF3}.Ad-Hoc|ARM.Build.0 = Release|Any CPU
		{7E41A6DE-DDEE-49B4-83E3-83A1AF8E2EF3}.Ad-Hoc|ARM.Deploy.0 = Release|Any CPU
		{7E41A6DE-DDEE-49B4-83E3-83A1AF8E2EF3}.Ad-Hoc|iPhone.ActiveCfg = Release|Any CPU
		{7E41A6DE-DDEE-49B4-83E3-83A1AF8E2EF3}.Ad-Hoc|iPhone.Build.0 = Release|Any CPU
		{7E41A6DE-DDEE-49B4-83E3-83A1AF8E2EF3}.Ad-Hoc|iPhone.Deploy.0 = Release|Any CPU
		{7E41A6DE-DDEE-49B4-83E3-83A1AF8E2EF3}.Ad-Hoc|iPhoneSimulator.ActiveCfg = Release|Any CPU
		{7E41A6DE-DDEE-49B4-83E3-83A1AF8E2EF3}.Ad-Hoc|iPhoneSimulator.Build.0 = Release|Any CPU
		{7E41A6DE-DDEE-49B4-83E3-83A1AF8E2EF3}.Ad-Hoc|iPhoneSimulator.Deploy.0 = Release|Any CPU
		{7E41A6DE-DDEE-49B4-83E3-83A1AF8E2EF3}.Ad-Hoc|x64.ActiveCfg = Release|Any CPU
		{7E41A6DE-DDEE-49B4-83E3-83A1AF8E2EF3}.Ad-Hoc|x64.Build.0 = Release|Any CPU
		{7E41A6DE-DDEE-49B4-83E3-83A1AF8E2EF3}.Ad-Hoc|x64.Deploy.0 = Release|Any CPU
		{7E41A6DE-DDEE-49B4-83E3-83A1AF8E2EF3}.Ad-Hoc|x86.ActiveCfg = Release|Any CPU
		{7E41A6DE-DDEE-49B4-83E3-83A1AF8E2EF3}.Ad-Hoc|x86.Build.0 = Release|Any CPU
		{7E41A6DE-DDEE-49B4-83E3-83A1AF8E2EF3}.Ad-Hoc|x86.Deploy.0 = Release|Any CPU
		{7E41A6DE-DDEE-49B4-83E3-83A1AF8E2EF3}.AppStore|Any CPU.ActiveCfg = Release|Any CPU
		{7E41A6DE-DDEE-49B4-83E3-83A1AF8E2EF3}.AppStore|Any CPU.Build.0 = Release|Any CPU
		{7E41A6DE-DDEE-49B4-83E3-83A1AF8E2EF3}.AppStore|Any CPU.Deploy.0 = Release|Any CPU
		{7E41A6DE-DDEE-49B4-83E3-83A1AF8E2EF3}.AppStore|ARM.ActiveCfg = Release|Any CPU
		{7E41A6DE-DDEE-49B4-83E3-83A1AF8E2EF3}.AppStore|ARM.Build.0 = Release|Any CPU
		{7E41A6DE-DDEE-49B4-83E3-83A1AF8E2EF3}.AppStore|ARM.Deploy.0 = Release|Any CPU
		{7E41A6DE-DDEE-49B4-83E3-83A1AF8E2EF3}.AppStore|iPhone.ActiveCfg = Release|Any CPU
		{7E41A6DE-DDEE-49B4-83E3-83A1AF8E2EF3}.AppStore|iPhone.Build.0 = Release|Any CPU
		{7E41A6DE-DDEE-49B4-83E3-83A1AF8E2EF3}.AppStore|iPhone.Deploy.0 = Release|Any CPU
		{7E41A6DE-DDEE-49B4-83E3-83A1AF8E2EF3}.AppStore|iPhoneSimulator.ActiveCfg = Release|Any CPU
		{7E41A6DE-DDEE-49B4-83E3-83A1AF8E2EF3}.AppStore|iPhoneSimulator.Build.0 = Release|Any CPU
		{7E41A6DE-DDEE-49B4-83E3-83A1AF8E2EF3}.AppStore|iPhoneSimulator.Deploy.0 = Release|Any CPU
		{7E41A6DE-DDEE-49B4-83E3-83A1AF8E2EF3}.AppStore|x64.ActiveCfg = Release|Any CPU
		{7E41A6DE-DDEE-49B4-83E3-83A1AF8E2EF3}.AppStore|x64.Build.0 = Release|Any CPU
		{7E41A6DE-DDEE-49B4-83E3-83A1AF8E2EF3}.AppStore|x64.Deploy.0 = Release|Any CPU
		{7E41A6DE-DDEE-49B4-83E3-83A1AF8E2EF3}.AppStore|x86.ActiveCfg = Release|Any CPU
		{7E41A6DE-DDEE-49B4-83E3-83A1AF8E2EF3}.AppStore|x86.Build.0 = Release|Any CPU
		{7E41A6DE-DDEE-49B4-83E3-83A1AF8E2EF3}.AppStore|x86.Deploy.0 = Release|Any CPU
		{7E41A6DE-DDEE-49B4-83E3-83A1AF8E2EF3}.Debug|Any CPU.ActiveCfg = Debug|Any CPU
		{7E41A6DE-DDEE-49B4-83E3-83A1AF8E2EF3}.Debug|Any CPU.Build.0 = Debug|Any CPU
		{7E41A6DE-DDEE-49B4-83E3-83A1AF8E2EF3}.Debug|Any CPU.Deploy.0 = Debug|Any CPU
		{7E41A6DE-DDEE-49B4-83E3-83A1AF8E2EF3}.Debug|ARM.ActiveCfg = Debug|Any CPU
		{7E41A6DE-DDEE-49B4-83E3-83A1AF8E2EF3}.Debug|ARM.Build.0 = Debug|Any CPU
		{7E41A6DE-DDEE-49B4-83E3-83A1AF8E2EF3}.Debug|ARM.Deploy.0 = Debug|Any CPU
		{7E41A6DE-DDEE-49B4-83E3-83A1AF8E2EF3}.Debug|iPhone.ActiveCfg = Debug|Any CPU
		{7E41A6DE-DDEE-49B4-83E3-83A1AF8E2EF3}.Debug|iPhone.Build.0 = Debug|Any CPU
		{7E41A6DE-DDEE-49B4-83E3-83A1AF8E2EF3}.Debug|iPhone.Deploy.0 = Debug|Any CPU
		{7E41A6DE-DDEE-49B4-83E3-83A1AF8E2EF3}.Debug|iPhoneSimulator.ActiveCfg = Debug|Any CPU
		{7E41A6DE-DDEE-49B4-83E3-83A1AF8E2EF3}.Debug|iPhoneSimulator.Build.0 = Debug|Any CPU
		{7E41A6DE-DDEE-49B4-83E3-83A1AF8E2EF3}.Debug|iPhoneSimulator.Deploy.0 = Debug|Any CPU
		{7E41A6DE-DDEE-49B4-83E3-83A1AF8E2EF3}.Debug|x64.ActiveCfg = Debug|Any CPU
		{7E41A6DE-DDEE-49B4-83E3-83A1AF8E2EF3}.Debug|x64.Build.0 = Debug|Any CPU
		{7E41A6DE-DDEE-49B4-83E3-83A1AF8E2EF3}.Debug|x64.Deploy.0 = Debug|Any CPU
		{7E41A6DE-DDEE-49B4-83E3-83A1AF8E2EF3}.Debug|x86.ActiveCfg = Debug|Any CPU
		{7E41A6DE-DDEE-49B4-83E3-83A1AF8E2EF3}.Debug|x86.Build.0 = Debug|Any CPU
		{7E41A6DE-DDEE-49B4-83E3-83A1AF8E2EF3}.Debug|x86.Deploy.0 = Debug|Any CPU
		{7E41A6DE-DDEE-49B4-83E3-83A1AF8E2EF3}.Release|Any CPU.ActiveCfg = Release|Any CPU
		{7E41A6DE-DDEE-49B4-83E3-83A1AF8E2EF3}.Release|Any CPU.Build.0 = Release|Any CPU
		{7E41A6DE-DDEE-49B4-83E3-83A1AF8E2EF3}.Release|Any CPU.Deploy.0 = Release|Any CPU
		{7E41A6DE-DDEE-49B4-83E3-83A1AF8E2EF3}.Release|ARM.ActiveCfg = Release|Any CPU
		{7E41A6DE-DDEE-49B4-83E3-83A1AF8E2EF3}.Release|ARM.Build.0 = Release|Any CPU
		{7E41A6DE-DDEE-49B4-83E3-83A1AF8E2EF3}.Release|ARM.Deploy.0 = Release|Any CPU
		{7E41A6DE-DDEE-49B4-83E3-83A1AF8E2EF3}.Release|iPhone.ActiveCfg = Release|Any CPU
		{7E41A6DE-DDEE-49B4-83E3-83A1AF8E2EF3}.Release|iPhone.Build.0 = Release|Any CPU
		{7E41A6DE-DDEE-49B4-83E3-83A1AF8E2EF3}.Release|iPhone.Deploy.0 = Release|Any CPU
		{7E41A6DE-DDEE-49B4-83E3-83A1AF8E2EF3}.Release|iPhoneSimulator.ActiveCfg = Release|Any CPU
		{7E41A6DE-DDEE-49B4-83E3-83A1AF8E2EF3}.Release|iPhoneSimulator.Build.0 = Release|Any CPU
		{7E41A6DE-DDEE-49B4-83E3-83A1AF8E2EF3}.Release|iPhoneSimulator.Deploy.0 = Release|Any CPU
		{7E41A6DE-DDEE-49B4-83E3-83A1AF8E2EF3}.Release|x64.ActiveCfg = Release|Any CPU
		{7E41A6DE-DDEE-49B4-83E3-83A1AF8E2EF3}.Release|x64.Build.0 = Release|Any CPU
		{7E41A6DE-DDEE-49B4-83E3-83A1AF8E2EF3}.Release|x64.Deploy.0 = Release|Any CPU
		{7E41A6DE-DDEE-49B4-83E3-83A1AF8E2EF3}.Release|x86.ActiveCfg = Release|Any CPU
		{7E41A6DE-DDEE-49B4-83E3-83A1AF8E2EF3}.Release|x86.Build.0 = Release|Any CPU
		{7E41A6DE-DDEE-49B4-83E3-83A1AF8E2EF3}.Release|x86.Deploy.0 = Release|Any CPU
		{CC56E238-9B98-450D-BEF8-560F70C09798}.Ad-Hoc|Any CPU.ActiveCfg = Release|Any CPU
		{CC56E238-9B98-450D-BEF8-560F70C09798}.Ad-Hoc|Any CPU.Build.0 = Release|Any CPU
		{CC56E238-9B98-450D-BEF8-560F70C09798}.Ad-Hoc|ARM.ActiveCfg = Release|Any CPU
		{CC56E238-9B98-450D-BEF8-560F70C09798}.Ad-Hoc|ARM.Build.0 = Release|Any CPU
		{CC56E238-9B98-450D-BEF8-560F70C09798}.Ad-Hoc|iPhone.ActiveCfg = Release|Any CPU
		{CC56E238-9B98-450D-BEF8-560F70C09798}.Ad-Hoc|iPhone.Build.0 = Release|Any CPU
		{CC56E238-9B98-450D-BEF8-560F70C09798}.Ad-Hoc|iPhoneSimulator.ActiveCfg = Release|Any CPU
		{CC56E238-9B98-450D-BEF8-560F70C09798}.Ad-Hoc|iPhoneSimulator.Build.0 = Release|Any CPU
		{CC56E238-9B98-450D-BEF8-560F70C09798}.Ad-Hoc|x64.ActiveCfg = Release|Any CPU
		{CC56E238-9B98-450D-BEF8-560F70C09798}.Ad-Hoc|x64.Build.0 = Release|Any CPU
		{CC56E238-9B98-450D-BEF8-560F70C09798}.Ad-Hoc|x86.ActiveCfg = Release|Any CPU
		{CC56E238-9B98-450D-BEF8-560F70C09798}.Ad-Hoc|x86.Build.0 = Release|Any CPU
		{CC56E238-9B98-450D-BEF8-560F70C09798}.AppStore|Any CPU.ActiveCfg = Release|Any CPU
		{CC56E238-9B98-450D-BEF8-560F70C09798}.AppStore|Any CPU.Build.0 = Release|Any CPU
		{CC56E238-9B98-450D-BEF8-560F70C09798}.AppStore|ARM.ActiveCfg = Release|Any CPU
		{CC56E238-9B98-450D-BEF8-560F70C09798}.AppStore|ARM.Build.0 = Release|Any CPU
		{CC56E238-9B98-450D-BEF8-560F70C09798}.AppStore|iPhone.ActiveCfg = Release|Any CPU
		{CC56E238-9B98-450D-BEF8-560F70C09798}.AppStore|iPhone.Build.0 = Release|Any CPU
		{CC56E238-9B98-450D-BEF8-560F70C09798}.AppStore|iPhoneSimulator.ActiveCfg = Release|Any CPU
		{CC56E238-9B98-450D-BEF8-560F70C09798}.AppStore|iPhoneSimulator.Build.0 = Release|Any CPU
		{CC56E238-9B98-450D-BEF8-560F70C09798}.AppStore|x64.ActiveCfg = Release|Any CPU
		{CC56E238-9B98-450D-BEF8-560F70C09798}.AppStore|x64.Build.0 = Release|Any CPU
		{CC56E238-9B98-450D-BEF8-560F70C09798}.AppStore|x86.ActiveCfg = Release|Any CPU
		{CC56E238-9B98-450D-BEF8-560F70C09798}.AppStore|x86.Build.0 = Release|Any CPU
		{CC56E238-9B98-450D-BEF8-560F70C09798}.Debug|Any CPU.ActiveCfg = Debug|Any CPU
		{CC56E238-9B98-450D-BEF8-560F70C09798}.Debug|Any CPU.Build.0 = Debug|Any CPU
		{CC56E238-9B98-450D-BEF8-560F70C09798}.Debug|ARM.ActiveCfg = Debug|Any CPU
		{CC56E238-9B98-450D-BEF8-560F70C09798}.Debug|ARM.Build.0 = Debug|Any CPU
		{CC56E238-9B98-450D-BEF8-560F70C09798}.Debug|iPhone.ActiveCfg = Debug|Any CPU
		{CC56E238-9B98-450D-BEF8-560F70C09798}.Debug|iPhone.Build.0 = Debug|Any CPU
		{CC56E238-9B98-450D-BEF8-560F70C09798}.Debug|iPhoneSimulator.ActiveCfg = Debug|Any CPU
		{CC56E238-9B98-450D-BEF8-560F70C09798}.Debug|iPhoneSimulator.Build.0 = Debug|Any CPU
		{CC56E238-9B98-450D-BEF8-560F70C09798}.Debug|x64.ActiveCfg = Debug|Any CPU
		{CC56E238-9B98-450D-BEF8-560F70C09798}.Debug|x64.Build.0 = Debug|Any CPU
		{CC56E238-9B98-450D-BEF8-560F70C09798}.Debug|x86.ActiveCfg = Debug|Any CPU
		{CC56E238-9B98-450D-BEF8-560F70C09798}.Debug|x86.Build.0 = Debug|Any CPU
		{CC56E238-9B98-450D-BEF8-560F70C09798}.Release|Any CPU.ActiveCfg = Release|Any CPU
		{CC56E238-9B98-450D-BEF8-560F70C09798}.Release|Any CPU.Build.0 = Release|Any CPU
		{CC56E238-9B98-450D-BEF8-560F70C09798}.Release|ARM.ActiveCfg = Release|Any CPU
		{CC56E238-9B98-450D-BEF8-560F70C09798}.Release|ARM.Build.0 = Release|Any CPU
		{CC56E238-9B98-450D-BEF8-560F70C09798}.Release|iPhone.ActiveCfg = Release|Any CPU
		{CC56E238-9B98-450D-BEF8-560F70C09798}.Release|iPhone.Build.0 = Release|Any CPU
		{CC56E238-9B98-450D-BEF8-560F70C09798}.Release|iPhoneSimulator.ActiveCfg = Release|Any CPU
		{CC56E238-9B98-450D-BEF8-560F70C09798}.Release|iPhoneSimulator.Build.0 = Release|Any CPU
		{CC56E238-9B98-450D-BEF8-560F70C09798}.Release|x64.ActiveCfg = Release|Any CPU
		{CC56E238-9B98-450D-BEF8-560F70C09798}.Release|x64.Build.0 = Release|Any CPU
		{CC56E238-9B98-450D-BEF8-560F70C09798}.Release|x86.ActiveCfg = Release|Any CPU
		{CC56E238-9B98-450D-BEF8-560F70C09798}.Release|x86.Build.0 = Release|Any CPU
		{6576F89C-533F-48A9-81DE-2084B970FBCC}.Ad-Hoc|Any CPU.ActiveCfg = Release|x86
		{6576F89C-533F-48A9-81DE-2084B970FBCC}.Ad-Hoc|Any CPU.Build.0 = Release|x86
		{6576F89C-533F-48A9-81DE-2084B970FBCC}.Ad-Hoc|Any CPU.Deploy.0 = Release|x86
		{6576F89C-533F-48A9-81DE-2084B970FBCC}.Ad-Hoc|ARM.ActiveCfg = Release|ARM
		{6576F89C-533F-48A9-81DE-2084B970FBCC}.Ad-Hoc|ARM.Build.0 = Release|ARM
		{6576F89C-533F-48A9-81DE-2084B970FBCC}.Ad-Hoc|ARM.Deploy.0 = Release|ARM
		{6576F89C-533F-48A9-81DE-2084B970FBCC}.Ad-Hoc|iPhone.ActiveCfg = Release|x86
		{6576F89C-533F-48A9-81DE-2084B970FBCC}.Ad-Hoc|iPhone.Build.0 = Release|x86
		{6576F89C-533F-48A9-81DE-2084B970FBCC}.Ad-Hoc|iPhone.Deploy.0 = Release|x86
		{6576F89C-533F-48A9-81DE-2084B970FBCC}.Ad-Hoc|iPhoneSimulator.ActiveCfg = Release|x86
		{6576F89C-533F-48A9-81DE-2084B970FBCC}.Ad-Hoc|iPhoneSimulator.Build.0 = Release|x86
		{6576F89C-533F-48A9-81DE-2084B970FBCC}.Ad-Hoc|iPhoneSimulator.Deploy.0 = Release|x86
		{6576F89C-533F-48A9-81DE-2084B970FBCC}.Ad-Hoc|x64.ActiveCfg = Release|x64
		{6576F89C-533F-48A9-81DE-2084B970FBCC}.Ad-Hoc|x64.Build.0 = Release|x64
		{6576F89C-533F-48A9-81DE-2084B970FBCC}.Ad-Hoc|x64.Deploy.0 = Release|x64
		{6576F89C-533F-48A9-81DE-2084B970FBCC}.Ad-Hoc|x86.ActiveCfg = Release|x86
		{6576F89C-533F-48A9-81DE-2084B970FBCC}.Ad-Hoc|x86.Build.0 = Release|x86
		{6576F89C-533F-48A9-81DE-2084B970FBCC}.Ad-Hoc|x86.Deploy.0 = Release|x86
		{6576F89C-533F-48A9-81DE-2084B970FBCC}.AppStore|Any CPU.ActiveCfg = Release|x86
		{6576F89C-533F-48A9-81DE-2084B970FBCC}.AppStore|Any CPU.Build.0 = Release|x86
		{6576F89C-533F-48A9-81DE-2084B970FBCC}.AppStore|Any CPU.Deploy.0 = Release|x86
		{6576F89C-533F-48A9-81DE-2084B970FBCC}.AppStore|ARM.ActiveCfg = Release|ARM
		{6576F89C-533F-48A9-81DE-2084B970FBCC}.AppStore|ARM.Build.0 = Release|ARM
		{6576F89C-533F-48A9-81DE-2084B970FBCC}.AppStore|ARM.Deploy.0 = Release|ARM
		{6576F89C-533F-48A9-81DE-2084B970FBCC}.AppStore|iPhone.ActiveCfg = Release|x86
		{6576F89C-533F-48A9-81DE-2084B970FBCC}.AppStore|iPhone.Build.0 = Release|x86
		{6576F89C-533F-48A9-81DE-2084B970FBCC}.AppStore|iPhone.Deploy.0 = Release|x86
		{6576F89C-533F-48A9-81DE-2084B970FBCC}.AppStore|iPhoneSimulator.ActiveCfg = Release|x86
		{6576F89C-533F-48A9-81DE-2084B970FBCC}.AppStore|iPhoneSimulator.Build.0 = Release|x86
		{6576F89C-533F-48A9-81DE-2084B970FBCC}.AppStore|iPhoneSimulator.Deploy.0 = Release|x86
		{6576F89C-533F-48A9-81DE-2084B970FBCC}.AppStore|x64.ActiveCfg = Release|x64
		{6576F89C-533F-48A9-81DE-2084B970FBCC}.AppStore|x64.Build.0 = Release|x64
		{6576F89C-533F-48A9-81DE-2084B970FBCC}.AppStore|x64.Deploy.0 = Release|x64
		{6576F89C-533F-48A9-81DE-2084B970FBCC}.AppStore|x86.ActiveCfg = Release|x86
		{6576F89C-533F-48A9-81DE-2084B970FBCC}.AppStore|x86.Build.0 = Release|x86
		{6576F89C-533F-48A9-81DE-2084B970FBCC}.AppStore|x86.Deploy.0 = Release|x86
		{6576F89C-533F-48A9-81DE-2084B970FBCC}.Debug|Any CPU.ActiveCfg = Debug|x86
		{6576F89C-533F-48A9-81DE-2084B970FBCC}.Debug|ARM.ActiveCfg = Debug|ARM
		{6576F89C-533F-48A9-81DE-2084B970FBCC}.Debug|ARM.Build.0 = Debug|ARM
		{6576F89C-533F-48A9-81DE-2084B970FBCC}.Debug|ARM.Deploy.0 = Debug|ARM
		{6576F89C-533F-48A9-81DE-2084B970FBCC}.Debug|iPhone.ActiveCfg = Debug|x86
		{6576F89C-533F-48A9-81DE-2084B970FBCC}.Debug|iPhone.Build.0 = Debug|x86
		{6576F89C-533F-48A9-81DE-2084B970FBCC}.Debug|iPhone.Deploy.0 = Debug|x86
		{6576F89C-533F-48A9-81DE-2084B970FBCC}.Debug|iPhoneSimulator.ActiveCfg = Debug|x86
		{6576F89C-533F-48A9-81DE-2084B970FBCC}.Debug|iPhoneSimulator.Build.0 = Debug|x86
		{6576F89C-533F-48A9-81DE-2084B970FBCC}.Debug|iPhoneSimulator.Deploy.0 = Debug|x86
		{6576F89C-533F-48A9-81DE-2084B970FBCC}.Debug|x64.ActiveCfg = Debug|x64
		{6576F89C-533F-48A9-81DE-2084B970FBCC}.Debug|x64.Build.0 = Debug|x64
		{6576F89C-533F-48A9-81DE-2084B970FBCC}.Debug|x64.Deploy.0 = Debug|x64
		{6576F89C-533F-48A9-81DE-2084B970FBCC}.Debug|x86.ActiveCfg = Debug|x86
		{6576F89C-533F-48A9-81DE-2084B970FBCC}.Debug|x86.Build.0 = Debug|x86
		{6576F89C-533F-48A9-81DE-2084B970FBCC}.Debug|x86.Deploy.0 = Debug|x86
		{6576F89C-533F-48A9-81DE-2084B970FBCC}.Release|Any CPU.ActiveCfg = Release|x86
		{6576F89C-533F-48A9-81DE-2084B970FBCC}.Release|ARM.ActiveCfg = Release|ARM
		{6576F89C-533F-48A9-81DE-2084B970FBCC}.Release|ARM.Build.0 = Release|ARM
		{6576F89C-533F-48A9-81DE-2084B970FBCC}.Release|ARM.Deploy.0 = Release|ARM
		{6576F89C-533F-48A9-81DE-2084B970FBCC}.Release|iPhone.ActiveCfg = Release|x86
		{6576F89C-533F-48A9-81DE-2084B970FBCC}.Release|iPhoneSimulator.ActiveCfg = Release|x86
		{6576F89C-533F-48A9-81DE-2084B970FBCC}.Release|x64.ActiveCfg = Release|x64
		{6576F89C-533F-48A9-81DE-2084B970FBCC}.Release|x64.Build.0 = Release|x64
		{6576F89C-533F-48A9-81DE-2084B970FBCC}.Release|x64.Deploy.0 = Release|x64
		{6576F89C-533F-48A9-81DE-2084B970FBCC}.Release|x86.ActiveCfg = Release|x86
		{6576F89C-533F-48A9-81DE-2084B970FBCC}.Release|x86.Build.0 = Release|x86
		{6576F89C-533F-48A9-81DE-2084B970FBCC}.Release|x86.Deploy.0 = Release|x86
		{1A389EC3-E062-46EB-9CDF-324C3BBE4415}.Ad-Hoc|Any CPU.ActiveCfg = Ad-Hoc|iPhone
		{1A389EC3-E062-46EB-9CDF-324C3BBE4415}.Ad-Hoc|ARM.ActiveCfg = Ad-Hoc|iPhone
		{1A389EC3-E062-46EB-9CDF-324C3BBE4415}.Ad-Hoc|iPhone.ActiveCfg = Ad-Hoc|iPhone
		{1A389EC3-E062-46EB-9CDF-324C3BBE4415}.Ad-Hoc|iPhone.Build.0 = Ad-Hoc|iPhone
		{1A389EC3-E062-46EB-9CDF-324C3BBE4415}.Ad-Hoc|iPhoneSimulator.ActiveCfg = Ad-Hoc|iPhoneSimulator
		{1A389EC3-E062-46EB-9CDF-324C3BBE4415}.Ad-Hoc|iPhoneSimulator.Build.0 = Ad-Hoc|iPhoneSimulator
		{1A389EC3-E062-46EB-9CDF-324C3BBE4415}.Ad-Hoc|x64.ActiveCfg = Ad-Hoc|iPhone
		{1A389EC3-E062-46EB-9CDF-324C3BBE4415}.Ad-Hoc|x86.ActiveCfg = Ad-Hoc|iPhone
		{1A389EC3-E062-46EB-9CDF-324C3BBE4415}.AppStore|Any CPU.ActiveCfg = AppStore|iPhone
		{1A389EC3-E062-46EB-9CDF-324C3BBE4415}.AppStore|ARM.ActiveCfg = AppStore|iPhone
		{1A389EC3-E062-46EB-9CDF-324C3BBE4415}.AppStore|iPhone.ActiveCfg = AppStore|iPhone
		{1A389EC3-E062-46EB-9CDF-324C3BBE4415}.AppStore|iPhone.Build.0 = AppStore|iPhone
		{1A389EC3-E062-46EB-9CDF-324C3BBE4415}.AppStore|iPhoneSimulator.ActiveCfg = AppStore|iPhoneSimulator
		{1A389EC3-E062-46EB-9CDF-324C3BBE4415}.AppStore|iPhoneSimulator.Build.0 = AppStore|iPhoneSimulator
		{1A389EC3-E062-46EB-9CDF-324C3BBE4415}.AppStore|x64.ActiveCfg = AppStore|iPhone
		{1A389EC3-E062-46EB-9CDF-324C3BBE4415}.AppStore|x86.ActiveCfg = AppStore|iPhone
		{1A389EC3-E062-46EB-9CDF-324C3BBE4415}.Debug|Any CPU.ActiveCfg = Debug|iPhone
		{1A389EC3-E062-46EB-9CDF-324C3BBE4415}.Debug|ARM.ActiveCfg = Debug|iPhone
		{1A389EC3-E062-46EB-9CDF-324C3BBE4415}.Debug|iPhone.ActiveCfg = Debug|iPhone
		{1A389EC3-E062-46EB-9CDF-324C3BBE4415}.Debug|iPhone.Build.0 = Debug|iPhone
		{1A389EC3-E062-46EB-9CDF-324C3BBE4415}.Debug|iPhoneSimulator.ActiveCfg = Debug|iPhoneSimulator
		{1A389EC3-E062-46EB-9CDF-324C3BBE4415}.Debug|iPhoneSimulator.Build.0 = Debug|iPhoneSimulator
		{1A389EC3-E062-46EB-9CDF-324C3BBE4415}.Debug|x64.ActiveCfg = Debug|iPhone
		{1A389EC3-E062-46EB-9CDF-324C3BBE4415}.Debug|x86.ActiveCfg = Debug|iPhone
		{1A389EC3-E062-46EB-9CDF-324C3BBE4415}.Release|Any CPU.ActiveCfg = Release|iPhone
		{1A389EC3-E062-46EB-9CDF-324C3BBE4415}.Release|ARM.ActiveCfg = Release|iPhone
		{1A389EC3-E062-46EB-9CDF-324C3BBE4415}.Release|iPhone.ActiveCfg = Release|iPhone
		{1A389EC3-E062-46EB-9CDF-324C3BBE4415}.Release|iPhone.Build.0 = Release|iPhone
		{1A389EC3-E062-46EB-9CDF-324C3BBE4415}.Release|iPhoneSimulator.ActiveCfg = Release|iPhoneSimulator
		{1A389EC3-E062-46EB-9CDF-324C3BBE4415}.Release|iPhoneSimulator.Build.0 = Release|iPhoneSimulator
		{1A389EC3-E062-46EB-9CDF-324C3BBE4415}.Release|x64.ActiveCfg = Release|iPhone
		{1A389EC3-E062-46EB-9CDF-324C3BBE4415}.Release|x86.ActiveCfg = Release|iPhone
	EndGlobalSection
	GlobalSection(SolutionProperties) = preSolution
		HideSolutionNode = FALSE
	EndGlobalSection
EndGlobal
